
Microsoft Visual Studio Solution File, Format Version 12.00
# Visual Studio Version 16
VisualStudioVersion = 16.0.808.6
MinimumVisualStudioVersion = 10.0.40219.1
Project("{FAE04EC0-301F-11D3-BF4B-00C04F79EFBC}") = "UltimateCSharpPart2", "UltimateCSharpPart2\UltimateCSharpPart2.csproj", "{0E0B9197-63CA-46DD-8D99-4B66CBAD6535}"
EndProject
Project("{FAE04EC0-301F-11D3-BF4B-00C04F79EFBC}") = "IntroductionClasses", "IntroductionClasses\IntroductionClasses.csproj", "{681A99E3-D835-4B7E-BAED-913F29141324}"
EndProject
Project("{FAE04EC0-301F-11D3-BF4B-00C04F79EFBC}") = "AssociationBetweenClasses", "AssociationBetweenClasses\AssociationBetweenClasses.csproj", "{54BDFEE7-9F04-4572-B4E3-6E563B89EA37}"
EndProject
Project("{FAE04EC0-301F-11D3-BF4B-00C04F79EFBC}") = "Inheritance", "Inheritance\Inheritance.csproj", "{DB3FA45F-F964-4C2F-A072-3F64150E4B63}"
EndProject
Global
	GlobalSection(SolutionConfigurationPlatforms) = preSolution
		Debug|Any CPU = Debug|Any CPU
		Release|Any CPU = Release|Any CPU
	EndGlobalSection
	GlobalSection(ProjectConfigurationPlatforms) = postSolution
		{0E0B9197-63CA-46DD-8D99-4B66CBAD6535}.Debug|Any CPU.ActiveCfg = Debug|Any CPU
		{0E0B9197-63CA-46DD-8D99-4B66CBAD6535}.Debug|Any CPU.Build.0 = Debug|Any CPU
		{0E0B9197-63CA-46DD-8D99-4B66CBAD6535}.Release|Any CPU.ActiveCfg = Release|Any CPU
		{0E0B9197-63CA-46DD-8D99-4B66CBAD6535}.Release|Any CPU.Build.0 = Release|Any CPU
		{681A99E3-D835-4B7E-BAED-913F29141324}.Debug|Any CPU.ActiveCfg = Debug|Any CPU
		{681A99E3-D835-4B7E-BAED-913F29141324}.Debug|Any CPU.Build.0 = Debug|Any CPU
		{681A99E3-D835-4B7E-BAED-913F29141324}.Release|Any CPU.ActiveCfg = Release|Any CPU
		{681A99E3-D835-4B7E-BAED-913F29141324}.Release|Any CPU.Build.0 = Release|Any CPU
		{54BDFEE7-9F04-4572-B4E3-6E563B89EA37}.Debug|Any CPU.ActiveCfg = Debug|Any CPU
		{54BDFEE7-9F04-4572-B4E3-6E563B89EA37}.Debug|Any CPU.Build.0 = Debug|Any CPU
		{54BDFEE7-9F04-4572-B4E3-6E563B89EA37}.Release|Any CPU.ActiveCfg = Release|Any CPU
		{54BDFEE7-9F04-4572-B4E3-6E563B89EA37}.Release|Any CPU.Build.0 = Release|Any CPU
		{DB3FA45F-F964-4C2F-A072-3F64150E4B63}.Debug|Any CPU.ActiveCfg = Debug|Any CPU
		{DB3FA45F-F964-4C2F-A072-3F64150E4B63}.Debug|Any CPU.Build.0 = Debug|Any CPU
		{DB3FA45F-F964-4C2F-A072-3F64150E4B63}.Release|Any CPU.ActiveCfg = Release|Any CPU
		{DB3FA45F-F964-4C2F-A072-3F64150E4B63}.Release|Any CPU.Build.0 = Release|Any CPU
	EndGlobalSection
	GlobalSection(SolutionProperties) = preSolution
		HideSolutionNode = FALSE
	EndGlobalSection
	GlobalSection(ExtensibilityGlobals) = postSolution
		SolutionGuid = {FDBC97B5-A25E-4D09-BBD3-E1168A95CF44}
	EndGlobalSection
EndGlobal
